
Microsoft Visual Studio Solution File, Format Version 12.00
# Visual Studio Version 17
VisualStudioVersion = 17.5.002.0
MinimumVisualStudioVersion = 10.0.40219.1
Project("{9A19103F-16F7-4668-BE54-9A1E7A4F7556}") = "Hexaria", "Hexaria.csproj", "{47A43679-BB66-4A3F-B5CC-3827037028EE}"
EndProject
Global
	GlobalSection(SolutionConfigurationPlatforms) = preSolution
		Debug|Any CPU = Debug|Any CPU
		Release|Any CPU = Release|Any CPU
	EndGlobalSection
	GlobalSection(ProjectConfigurationPlatforms) = postSolution
		{47A43679-BB66-4A3F-B5CC-3827037028EE}.Debug|Any CPU.ActiveCfg = Debug|Any CPU
		{47A43679-BB66-4A3F-B5CC-3827037028EE}.Debug|Any CPU.Build.0 = Debug|Any CPU
		{47A43679-BB66-4A3F-B5CC-3827037028EE}.Release|Any CPU.ActiveCfg = Release|Any CPU
		{47A43679-BB66-4A3F-B5CC-3827037028EE}.Release|Any CPU.Build.0 = Release|Any CPU
	EndGlobalSection
	GlobalSection(SolutionProperties) = preSolution
		HideSolutionNode = FALSE
	EndGlobalSection
	GlobalSection(ExtensibilityGlobals) = postSolution
		SolutionGuid = {FB432F56-7505-492A-B654-394E07F53FB1}
	EndGlobalSection
EndGlobal
